
Microsoft Visual Studio Solution File, Format Version 12.00
# Visual Studio Version 17
VisualStudioVersion = 17.11.35222.181
MinimumVisualStudioVersion = 10.0.40219.1
Project("{FAE04EC0-301F-11D3-BF4B-00C04F79EFBC}") = "CRUDWinFormsMVP", "CRUDWinFormsMVP\CRUDWinFormsMVP.csproj", "{1A78B275-1EE8-4CE6-8C7C-F58BF22E8847}"
EndProject
Global
	GlobalSection(SolutionConfigurationPlatforms) = preSolution
		Debug|Any CPU = Debug|Any CPU
		Release|Any CPU = Release|Any CPU
	EndGlobalSection
	GlobalSection(ProjectConfigurationPlatforms) = postSolution
		{1A78B275-1EE8-4CE6-8C7C-F58BF22E8847}.Debug|Any CPU.ActiveCfg = Debug|Any CPU
		{1A78B275-1EE8-4CE6-8C7C-F58BF22E8847}.Debug|Any CPU.Build.0 = Debug|Any CPU
		{1A78B275-1EE8-4CE6-8C7C-F58BF22E8847}.Release|Any CPU.ActiveCfg = Release|Any CPU
		{1A78B275-1EE8-4CE6-8C7C-F58BF22E8847}.Release|Any CPU.Build.0 = Release|Any CPU
	EndGlobalSection
	GlobalSection(SolutionProperties) = preSolution
		HideSolutionNode = FALSE
	EndGlobalSection
	GlobalSection(ExtensibilityGlobals) = postSolution
		SolutionGuid = {53EB8991-E1B3-4FF4-91BB-6537A3A689B5}
	EndGlobalSection
EndGlobal
